
Microsoft Visual Studio Solution File, Format Version 12.00
# Visual Studio 15
VisualStudioVersion = 15.0.28010.2016
MinimumVisualStudioVersion = 10.0.40219.1
Project("{8BC9CEB8-8B4A-11D0-8D11-00A0C91BC942}") = "src", "src\src.vcxproj", "{9091C307-1584-420E-9651-563ACCA912BB}"
EndProject
Global
	GlobalSection(SolutionConfigurationPlatforms) = preSolution
		Debug|x64 = Debug|x64
		Debug|x86 = Debug|x86
		ITERATION-ONE|x64 = ITERATION-ONE|x64
		ITERATION-ONE|x86 = ITERATION-ONE|x86
		ITERATION-TWO|x64 = ITERATION-TWO|x64
		ITERATION-TWO|x86 = ITERATION-TWO|x86
		Release|x64 = Release|x64
		Release|x86 = Release|x86
	EndGlobalSection
	GlobalSection(ProjectConfigurationPlatforms) = postSolution
		{9091C307-1584-420E-9651-563ACCA912BB}.Debug|x64.ActiveCfg = Debug|x64
		{9091C307-1584-420E-9651-563ACCA912BB}.Debug|x64.Build.0 = Debug|x64
		{9091C307-1584-420E-9651-563ACCA912BB}.Debug|x86.ActiveCfg = Debug|Win32
		{9091C307-1584-420E-9651-563ACCA912BB}.Debug|x86.Build.0 = Debug|Win32
		{9091C307-1584-420E-9651-563ACCA912BB}.ITERATION-ONE|x64.ActiveCfg = ITERATION-ONE|x64
		{9091C307-1584-420E-9651-563ACCA912BB}.ITERATION-ONE|x64.Build.0 = ITERATION-ONE|x64
		{9091C307-1584-420E-9651-563ACCA912BB}.ITERATION-ONE|x86.ActiveCfg = ITERATION-ONE|Win32
		{9091C307-1584-420E-9651-563ACCA912BB}.ITERATION-ONE|x86.Build.0 = ITERATION-ONE|Win32
		{9091C307-1584-420E-9651-563ACCA912BB}.ITERATION-TWO|x64.ActiveCfg = ITERATION-TWO|x64
		{9091C307-1584-420E-9651-563ACCA912BB}.ITERATION-TWO|x64.Build.0 = ITERATION-TWO|x64
		{9091C307-1584-420E-9651-563ACCA912BB}.ITERATION-TWO|x86.ActiveCfg = ITERATION-TWO|Win32
		{9091C307-1584-420E-9651-563ACCA912BB}.ITERATION-TWO|x86.Build.0 = ITERATION-TWO|Win32
		{9091C307-1584-420E-9651-563ACCA912BB}.Release|x64.ActiveCfg = Release|x64
		{9091C307-1584-420E-9651-563ACCA912BB}.Release|x64.Build.0 = Release|x64
		{9091C307-1584-420E-9651-563ACCA912BB}.Release|x86.ActiveCfg = Release|Win32
		{9091C307-1584-420E-9651-563ACCA912BB}.Release|x86.Build.0 = Release|Win32
	EndGlobalSection
	GlobalSection(SolutionProperties) = preSolution
		HideSolutionNode = FALSE
	EndGlobalSection
	GlobalSection(ExtensibilityGlobals) = postSolution
		SolutionGuid = {31B4E6F0-8294-4BE0-B9EB-45F6A3E0AD39}
	EndGlobalSection
EndGlobal
